
Microsoft Visual Studio Solution File, Format Version 12.00
# Visual Studio 15
VisualStudioVersion = 15.0.28307.757
MinimumVisualStudioVersion = 10.0.40219.1
Project("{159641D6-6404-4A2A-AE62-294DE0FE8301}") = "Ejercicio 2", "Ejercicio 2\Ejercicio 2.dtproj", "{CB09994C-359E-44D0-A523-12482F13EFFC}"
EndProject
Global
	GlobalSection(SolutionConfigurationPlatforms) = preSolution
		Development|Default = Development|Default
	EndGlobalSection
	GlobalSection(ProjectConfigurationPlatforms) = postSolution
		{CB09994C-359E-44D0-A523-12482F13EFFC}.Development|Default.ActiveCfg = Development
		{CB09994C-359E-44D0-A523-12482F13EFFC}.Development|Default.Build.0 = Development
	EndGlobalSection
	GlobalSection(SolutionProperties) = preSolution
		HideSolutionNode = FALSE
	EndGlobalSection
	GlobalSection(ExtensibilityGlobals) = postSolution
		SolutionGuid = {CD097B81-1403-4EA0-B707-23293D9A1E5A}
	EndGlobalSection
EndGlobal
