
Microsoft Visual Studio Solution File, Format Version 12.00
# Visual Studio Version 16
VisualStudioVersion = 16.0.30413.136
MinimumVisualStudioVersion = 10.0.40219.1
Project("{D2ABAB84-BF74-430A-B69E-9DC6D40DDA17}") = "Complementario", "Complementario\Complementario.dwproj", "{07FD4CDD-F9AB-44C2-BD41-14709F0B8412}"
EndProject
Project("{F14B399A-7131-4C87-9E4B-1186C45EF12D}") = "Informes Chinook", "Informes Chinook\Informes Chinook.rptproj", "{78960AF8-041A-40F6-B328-759B7FC968AE}"
EndProject
Global
	GlobalSection(SolutionConfigurationPlatforms) = preSolution
		Debug|Default = Debug|Default
		DebugLocal|Default = DebugLocal|Default
		Development|Default = Development|Default
		Release|Default = Release|Default
	EndGlobalSection
	GlobalSection(ProjectConfigurationPlatforms) = postSolution
		{07FD4CDD-F9AB-44C2-BD41-14709F0B8412}.Debug|Default.ActiveCfg = Development
		{07FD4CDD-F9AB-44C2-BD41-14709F0B8412}.Debug|Default.Build.0 = Development
		{07FD4CDD-F9AB-44C2-BD41-14709F0B8412}.Debug|Default.Deploy.0 = Development
		{07FD4CDD-F9AB-44C2-BD41-14709F0B8412}.DebugLocal|Default.ActiveCfg = Development
		{07FD4CDD-F9AB-44C2-BD41-14709F0B8412}.DebugLocal|Default.Build.0 = Development
		{07FD4CDD-F9AB-44C2-BD41-14709F0B8412}.DebugLocal|Default.Deploy.0 = Development
		{07FD4CDD-F9AB-44C2-BD41-14709F0B8412}.Development|Default.ActiveCfg = Development
		{07FD4CDD-F9AB-44C2-BD41-14709F0B8412}.Development|Default.Build.0 = Development
		{07FD4CDD-F9AB-44C2-BD41-14709F0B8412}.Development|Default.Deploy.0 = Development
		{07FD4CDD-F9AB-44C2-BD41-14709F0B8412}.Release|Default.ActiveCfg = Development
		{07FD4CDD-F9AB-44C2-BD41-14709F0B8412}.Release|Default.Build.0 = Development
		{07FD4CDD-F9AB-44C2-BD41-14709F0B8412}.Release|Default.Deploy.0 = Development
		{78960AF8-041A-40F6-B328-759B7FC968AE}.Debug|Default.ActiveCfg = Debug
		{78960AF8-041A-40F6-B328-759B7FC968AE}.Debug|Default.Build.0 = Debug
		{78960AF8-041A-40F6-B328-759B7FC968AE}.Debug|Default.Deploy.0 = Debug
		{78960AF8-041A-40F6-B328-759B7FC968AE}.DebugLocal|Default.ActiveCfg = DebugLocal
		{78960AF8-041A-40F6-B328-759B7FC968AE}.DebugLocal|Default.Build.0 = DebugLocal
		{78960AF8-041A-40F6-B328-759B7FC968AE}.Development|Default.ActiveCfg = DebugLocal
		{78960AF8-041A-40F6-B328-759B7FC968AE}.Development|Default.Build.0 = DebugLocal
		{78960AF8-041A-40F6-B328-759B7FC968AE}.Release|Default.ActiveCfg = Release
		{78960AF8-041A-40F6-B328-759B7FC968AE}.Release|Default.Build.0 = Release
		{78960AF8-041A-40F6-B328-759B7FC968AE}.Release|Default.Deploy.0 = Release
	EndGlobalSection
	GlobalSection(SolutionProperties) = preSolution
		HideSolutionNode = FALSE
	EndGlobalSection
	GlobalSection(ExtensibilityGlobals) = postSolution
		SolutionGuid = {CE2646BA-31E9-4D94-829E-3996AE442661}
	EndGlobalSection
EndGlobal
