
Microsoft Visual Studio Solution File, Format Version 12.00
# Visual Studio 15
VisualStudioVersion = 15.0.28307.757
MinimumVisualStudioVersion = 10.0.40219.1
Project("{159641D6-6404-4A2A-AE62-294DE0FE8301}") = "Complementario", "Complementario\Complementario.dtproj", "{739C7729-E585-421C-A84E-559D367ED8A4}"
EndProject
Global
	GlobalSection(SolutionConfigurationPlatforms) = preSolution
		Development|Default = Development|Default
	EndGlobalSection
	GlobalSection(ProjectConfigurationPlatforms) = postSolution
		{739C7729-E585-421C-A84E-559D367ED8A4}.Development|Default.ActiveCfg = Development
		{739C7729-E585-421C-A84E-559D367ED8A4}.Development|Default.Build.0 = Development
	EndGlobalSection
	GlobalSection(SolutionProperties) = preSolution
		HideSolutionNode = FALSE
	EndGlobalSection
	GlobalSection(ExtensibilityGlobals) = postSolution
		SolutionGuid = {6FAC0199-237D-4413-AD1D-3CF507F5145E}
	EndGlobalSection
EndGlobal
