
Microsoft Visual Studio Solution File, Format Version 12.00
# Visual Studio Version 16
VisualStudioVersion = 16.0.30413.136
MinimumVisualStudioVersion = 10.0.40219.1
Project("{D2ABAB84-BF74-430A-B69E-9DC6D40DDA17}") = "Complementario", "Complementario\Complementario.dwproj", "{16C1D21D-E79B-4C0D-8068-F5AEE02BCF0C}"
EndProject
Global
	GlobalSection(SolutionConfigurationPlatforms) = preSolution
		Development|Default = Development|Default
	EndGlobalSection
	GlobalSection(ProjectConfigurationPlatforms) = postSolution
		{16C1D21D-E79B-4C0D-8068-F5AEE02BCF0C}.Development|Default.ActiveCfg = Development
		{16C1D21D-E79B-4C0D-8068-F5AEE02BCF0C}.Development|Default.Build.0 = Development
		{16C1D21D-E79B-4C0D-8068-F5AEE02BCF0C}.Development|Default.Deploy.0 = Development
	EndGlobalSection
	GlobalSection(SolutionProperties) = preSolution
		HideSolutionNode = FALSE
	EndGlobalSection
	GlobalSection(ExtensibilityGlobals) = postSolution
		SolutionGuid = {CC99372C-6875-45D2-A2B6-275325250D2A}
	EndGlobalSection
EndGlobal
