
Microsoft Visual Studio Solution File, Format Version 12.00
# Visual Studio 15
VisualStudioVersion = 15.0.28307.757
MinimumVisualStudioVersion = 10.0.40219.1
Project("{D2ABAB84-BF74-430A-B69E-9DC6D40DDA17}") = "Cubo_AdventureWorks", "Cubo_AdventureWorks\Cubo_AdventureWorks.dwproj", "{7E049C08-3726-423B-BD88-104A1EFD546F}"
EndProject
Global
	GlobalSection(SolutionConfigurationPlatforms) = preSolution
		Development|Default = Development|Default
	EndGlobalSection
	GlobalSection(ProjectConfigurationPlatforms) = postSolution
		{7E049C08-3726-423B-BD88-104A1EFD546F}.Development|Default.ActiveCfg = Development
		{7E049C08-3726-423B-BD88-104A1EFD546F}.Development|Default.Build.0 = Development
		{7E049C08-3726-423B-BD88-104A1EFD546F}.Development|Default.Deploy.0 = Development
	EndGlobalSection
	GlobalSection(SolutionProperties) = preSolution
		HideSolutionNode = FALSE
	EndGlobalSection
	GlobalSection(ExtensibilityGlobals) = postSolution
		SolutionGuid = {B3FE9956-9C1C-485C-97E8-68C3FCCF5A55}
	EndGlobalSection
EndGlobal
